
Microsoft Visual Studio Solution File, Format Version 11.00
# Visual Studio 2010
Project("{FAE04EC0-301F-11D3-BF4B-00C04F79EFBC}") = "APMmòbil", "APMmòbil\APMmòbil.csproj", "{F9BA5606-9382-42BD-8D80-E948B06446FF}"
EndProject
Global
	GlobalSection(SolutionConfigurationPlatforms) = preSolution
		Debug|Any CPU = Debug|Any CPU
		Release|Any CPU = Release|Any CPU
	EndGlobalSection
	GlobalSection(ProjectConfigurationPlatforms) = postSolution
		{F9BA5606-9382-42BD-8D80-E948B06446FF}.Debug|Any CPU.ActiveCfg = Debug|Any CPU
		{F9BA5606-9382-42BD-8D80-E948B06446FF}.Debug|Any CPU.Build.0 = Debug|Any CPU
		{F9BA5606-9382-42BD-8D80-E948B06446FF}.Debug|Any CPU.Deploy.0 = Debug|Any CPU
		{F9BA5606-9382-42BD-8D80-E948B06446FF}.Release|Any CPU.ActiveCfg = Release|Any CPU
		{F9BA5606-9382-42BD-8D80-E948B06446FF}.Release|Any CPU.Build.0 = Release|Any CPU
		{F9BA5606-9382-42BD-8D80-E948B06446FF}.Release|Any CPU.Deploy.0 = Release|Any CPU
	EndGlobalSection
	GlobalSection(SolutionProperties) = preSolution
		HideSolutionNode = FALSE
	EndGlobalSection
EndGlobal
