
Microsoft Visual Studio Solution File, Format Version 11.00
# Visual Studio 2010
Project("{FAE04EC0-301F-11D3-BF4B-00C04F79EFBC}") = "APMmòbil", "APMmòbil\APMmòbil.csproj", "{F9BA5606-9382-42BD-8D80-E948B06446FF}"
EndProject
Project("{2150E333-8FDC-42A3-9474-1A3956D46DE8}") = "Solution Items", "Solution Items", "{345A9804-87E3-4D93-BADF-3ECBFCA22BDD}"
	ProjectSection(SolutionItems) = preProject
		..\..\..\..\Desktop\bien.wav = ..\..\..\..\Desktop\bien.wav
		..\..\..\..\Desktop\carteras.wav = ..\..\..\..\Desktop\carteras.wav
		..\..\..\..\Desktop\follon.wav = ..\..\..\..\Desktop\follon.wav
		..\..\..\..\Desktop\lio.wav = ..\..\..\..\Desktop\lio.wav
		..\..\..\..\Desktop\pocon.wav = ..\..\..\..\Desktop\pocon.wav
		..\..\..\..\Desktop\vist.wav = ..\..\..\..\Desktop\vist.wav
	EndProjectSection
EndProject
Global
	GlobalSection(SolutionConfigurationPlatforms) = preSolution
		Debug|Any CPU = Debug|Any CPU
		Release|Any CPU = Release|Any CPU
	EndGlobalSection
	GlobalSection(ProjectConfigurationPlatforms) = postSolution
		{F9BA5606-9382-42BD-8D80-E948B06446FF}.Debug|Any CPU.ActiveCfg = Debug|Any CPU
		{F9BA5606-9382-42BD-8D80-E948B06446FF}.Debug|Any CPU.Build.0 = Debug|Any CPU
		{F9BA5606-9382-42BD-8D80-E948B06446FF}.Debug|Any CPU.Deploy.0 = Debug|Any CPU
		{F9BA5606-9382-42BD-8D80-E948B06446FF}.Release|Any CPU.ActiveCfg = Release|Any CPU
		{F9BA5606-9382-42BD-8D80-E948B06446FF}.Release|Any CPU.Build.0 = Release|Any CPU
		{F9BA5606-9382-42BD-8D80-E948B06446FF}.Release|Any CPU.Deploy.0 = Release|Any CPU
	EndGlobalSection
	GlobalSection(SolutionProperties) = preSolution
		HideSolutionNode = FALSE
	EndGlobalSection
EndGlobal
